
Microsoft Visual Studio Solution File, Format Version 12.00
# Visual Studio Version 17
VisualStudioVersion = 17.2.32616.157
MinimumVisualStudioVersion = 10.0.40219.1
Project("{FAE04EC0-301F-11D3-BF4B-00C04F79EFBC}") = "eCatalogo.Core", "src\eCatalogo.Core\eCatalogo.Core.csproj", "{1A1CE8C5-4B7E-4711-8336-963E447151F2}"
EndProject
Project("{FAE04EC0-301F-11D3-BF4B-00C04F79EFBC}") = "eCatalogo.UseCases", "src\eCatalogo.UseCases\eCatalogo.UseCases.csproj", "{9069B816-AA6C-46C1-9498-78ADBECEC6A1}"
EndProject
Project("{FAE04EC0-301F-11D3-BF4B-00C04F79EFBC}") = "eCatalogo.Data", "src\eCatalogo.Data\eCatalogo.Data.csproj", "{929239C2-678A-4F6D-82AC-F001A58C319B}"
EndProject
Project("{FAE04EC0-301F-11D3-BF4B-00C04F79EFBC}") = "eCatalogo.Blazor", "src\eCatalogo.Blazor\eCatalogo.Blazor.csproj", "{0731CF67-4D0F-4E65-A385-BEA86374E322}"
EndProject
Global
	GlobalSection(SolutionConfigurationPlatforms) = preSolution
		Debug|Any CPU = Debug|Any CPU
		Release|Any CPU = Release|Any CPU
	EndGlobalSection
	GlobalSection(ProjectConfigurationPlatforms) = postSolution
		{1A1CE8C5-4B7E-4711-8336-963E447151F2}.Debug|Any CPU.ActiveCfg = Debug|Any CPU
		{1A1CE8C5-4B7E-4711-8336-963E447151F2}.Debug|Any CPU.Build.0 = Debug|Any CPU
		{1A1CE8C5-4B7E-4711-8336-963E447151F2}.Release|Any CPU.ActiveCfg = Release|Any CPU
		{1A1CE8C5-4B7E-4711-8336-963E447151F2}.Release|Any CPU.Build.0 = Release|Any CPU
		{9069B816-AA6C-46C1-9498-78ADBECEC6A1}.Debug|Any CPU.ActiveCfg = Debug|Any CPU
		{9069B816-AA6C-46C1-9498-78ADBECEC6A1}.Debug|Any CPU.Build.0 = Debug|Any CPU
		{9069B816-AA6C-46C1-9498-78ADBECEC6A1}.Release|Any CPU.ActiveCfg = Release|Any CPU
		{9069B816-AA6C-46C1-9498-78ADBECEC6A1}.Release|Any CPU.Build.0 = Release|Any CPU
		{929239C2-678A-4F6D-82AC-F001A58C319B}.Debug|Any CPU.ActiveCfg = Debug|Any CPU
		{929239C2-678A-4F6D-82AC-F001A58C319B}.Debug|Any CPU.Build.0 = Debug|Any CPU
		{929239C2-678A-4F6D-82AC-F001A58C319B}.Release|Any CPU.ActiveCfg = Release|Any CPU
		{929239C2-678A-4F6D-82AC-F001A58C319B}.Release|Any CPU.Build.0 = Release|Any CPU
		{0731CF67-4D0F-4E65-A385-BEA86374E322}.Debug|Any CPU.ActiveCfg = Debug|Any CPU
		{0731CF67-4D0F-4E65-A385-BEA86374E322}.Debug|Any CPU.Build.0 = Debug|Any CPU
		{0731CF67-4D0F-4E65-A385-BEA86374E322}.Release|Any CPU.ActiveCfg = Release|Any CPU
		{0731CF67-4D0F-4E65-A385-BEA86374E322}.Release|Any CPU.Build.0 = Release|Any CPU
	EndGlobalSection
	GlobalSection(SolutionProperties) = preSolution
		HideSolutionNode = FALSE
	EndGlobalSection
	GlobalSection(ExtensibilityGlobals) = postSolution
		SolutionGuid = {ADCDF0D2-4669-435D-A1B7-67EF983A9695}
	EndGlobalSection
EndGlobal
